// !$*UTF8*$!
{
	archiveVersion = 1;
	classes = {
	};
	objectVersion = 46;
	objects = {

/* Begin PBXBuildFile section */
		C2A678511887A34C0026CA64 /* Foundation.framework in Frameworks */ = {isa = PBXBuildFile; fileRef = C2A678501887A34C0026CA64 /* Foundation.framework */; };
		C2A678531887A34C0026CA64 /* CoreGraphics.framework in Frameworks */ = {isa = PBXBuildFile; fileRef = C2A678521887A34C0026CA64 /* CoreGraphics.framework */; };
		C2A678551887A34C0026CA64 /* UIKit.framework in Frameworks */ = {isa = PBXBuildFile; fileRef = C2A678541887A34C0026CA64 /* UIKit.framework */; };
		C2A6785B1887A34C0026CA64 /* InfoPlist.strings in Resources */ = {isa = PBXBuildFile; fileRef = C2A678591887A34C0026CA64 /* InfoPlist.strings */; };
		C2A6785D1887A34D0026CA64 /* main.m in Sources */ = {isa = PBXBuildFile; fileRef = C2A6785C1887A34D0026CA64 /* main.m */; };
		C2A678611887A34D0026CA64 /* MatchismoAppDelegate.m in Sources */ = {isa = PBXBuildFile; fileRef = C2A678601887A34D0026CA64 /* MatchismoAppDelegate.m */; };
		C2A678641887A34D0026CA64 /* Main.storyboard in Resources */ = {isa = PBXBuildFile; fileRef = C2A678621887A34D0026CA64 /* Main.storyboard */; };
		C2A678671887A34D0026CA64 /* MatchismoViewController.m in Sources */ = {isa = PBXBuildFile; fileRef = C2A678661887A34D0026CA64 /* MatchismoViewController.m */; };
		C2A678691887A34D0026CA64 /* Images.xcassets in Resources */ = {isa = PBXBuildFile; fileRef = C2A678681887A34D0026CA64 /* Images.xcassets */; };
		C2A678701887A34D0026CA64 /* XCTest.framework in Frameworks */ = {isa = PBXBuildFile; fileRef = C2A6786F1887A34D0026CA64 /* XCTest.framework */; };
		C2A678711887A34D0026CA64 /* Foundation.framework in Frameworks */ = {isa = PBXBuildFile; fileRef = C2A678501887A34C0026CA64 /* Foundation.framework */; };
		C2A678721887A34D0026CA64 /* UIKit.framework in Frameworks */ = {isa = PBXBuildFile; fileRef = C2A678541887A34C0026CA64 /* UIKit.framework */; };
		C2A6787A1887A34D0026CA64 /* InfoPlist.strings in Resources */ = {isa = PBXBuildFile; fileRef = C2A678781887A34D0026CA64 /* InfoPlist.strings */; };
		C2A6787C1887A34D0026CA64 /* MatchismoTests.m in Sources */ = {isa = PBXBuildFile; fileRef = C2A6787B1887A34D0026CA64 /* MatchismoTests.m */; };
		C2A678871887A4240026CA64 /* Card.m in Sources */ = {isa = PBXBuildFile; fileRef = C2A678861887A4240026CA64 /* Card.m */; };
		C2A6788B1887A54B0026CA64 /* Deck.m in Sources */ = {isa = PBXBuildFile; fileRef = C2A6788A1887A54B0026CA64 /* Deck.m */; };
		C2A6788E1887A8260026CA64 /* PlayingCard.m in Sources */ = {isa = PBXBuildFile; fileRef = C2A6788D1887A8260026CA64 /* PlayingCard.m */; };
		C2A678911887AB900026CA64 /* PlayingCardDeck.m in Sources */ = {isa = PBXBuildFile; fileRef = C2A678901887AB900026CA64 /* PlayingCardDeck.m */; };
/* End PBXBuildFile section */

/* Begin PBXContainerItemProxy section */
		C2A678731887A34D0026CA64 /* PBXContainerItemProxy */ = {
			isa = PBXContainerItemProxy;
			containerPortal = C2A678451887A34C0026CA64 /* Project object */;
			proxyType = 1;
			remoteGlobalIDString = C2A6784C1887A34C0026CA64;
			remoteInfo = Matchismo;
		};
/* End PBXContainerItemProxy section */

/* Begin PBXFileReference section */
		C2A6784D1887A34C0026CA64 /* Matchismo.app */ = {isa = PBXFileReference; explicitFileType = wrapper.application; includeInIndex = 0; path = Matchismo.app; sourceTree = BUILT_PRODUCTS_DIR; };
		C2A678501887A34C0026CA64 /* Foundation.framework */ = {isa = PBXFileReference; lastKnownFileType = wrapper.framework; name = Foundation.framework; path = System/Library/Frameworks/Foundation.framework; sourceTree = SDKROOT; };
		C2A678521887A34C0026CA64 /* CoreGraphics.framework */ = {isa = PBXFileReference; lastKnownFileType = wrapper.framework; name = CoreGraphics.framework; path = System/Library/Frameworks/CoreGraphics.framework; sourceTree = SDKROOT; };
		C2A678541887A34C0026CA64 /* UIKit.framework */ = {isa = PBXFileReference; lastKnownFileType = wrapper.framework; name = UIKit.framework; path = System/Library/Frameworks/UIKit.framework; sourceTree = SDKROOT; };
		C2A678581887A34C0026CA64 /* Matchismo-Info.plist */ = {isa = PBXFileReference; lastKnownFileType = text.plist.xml; path = "Matchismo-Info.plist"; sourceTree = "<group>"; };
		C2A6785A1887A34C0026CA64 /* en */ = {isa = PBXFileReference; lastKnownFileType = text.plist.strings; name = en; path = en.lproj/InfoPlist.strings; sourceTree = "<group>"; };
		C2A6785C1887A34D0026CA64 /* main.m */ = {isa = PBXFileReference; lastKnownFileType = sourcecode.c.objc; path = main.m; sourceTree = "<group>"; };
		C2A6785E1887A34D0026CA64 /* Matchismo-Prefix.pch */ = {isa = PBXFileReference; lastKnownFileType = sourcecode.c.h; path = "Matchismo-Prefix.pch"; sourceTree = "<group>"; };
		C2A6785F1887A34D0026CA64 /* MatchismoAppDelegate.h */ = {isa = PBXFileReference; lastKnownFileType = sourcecode.c.h; path = MatchismoAppDelegate.h; sourceTree = "<group>"; };
		C2A678601887A34D0026CA64 /* MatchismoAppDelegate.m */ = {isa = PBXFileReference; lastKnownFileType = sourcecode.c.objc; path = MatchismoAppDelegate.m; sourceTree = "<group>"; };
		C2A678631887A34D0026CA64 /* Base */ = {isa = PBXFileReference; lastKnownFileType = file.storyboard; name = Base; path = Base.lproj/Main.storyboard; sourceTree = "<group>"; };
		C2A678651887A34D0026CA64 /* MatchismoViewController.h */ = {isa = PBXFileReference; lastKnownFileType = sourcecode.c.h; path = MatchismoViewController.h; sourceTree = "<group>"; };
		C2A678661887A34D0026CA64 /* MatchismoViewController.m */ = {isa = PBXFileReference; lastKnownFileType = sourcecode.c.objc; path = MatchismoViewController.m; sourceTree = "<group>"; };
		C2A678681887A34D0026CA64 /* Images.xcassets */ = {isa = PBXFileReference; lastKnownFileType = folder.assetcatalog; path = Images.xcassets; sourceTree = "<group>"; };
		C2A6786E1887A34D0026CA64 /* MatchismoTests.xctest */ = {isa = PBXFileReference; explicitFileType = wrapper.cfbundle; includeInIndex = 0; path = MatchismoTests.xctest; sourceTree = BUILT_PRODUCTS_DIR; };
		C2A6786F1887A34D0026CA64 /* XCTest.framework */ = {isa = PBXFileReference; lastKnownFileType = wrapper.framework; name = XCTest.framework; path = Library/Frameworks/XCTest.framework; sourceTree = DEVELOPER_DIR; };
		C2A678771887A34D0026CA64 /* MatchismoTests-Info.plist */ = {isa = PBXFileReference; lastKnownFileType = text.plist.xml; path = "MatchismoTests-Info.plist"; sourceTree = "<group>"; };
		C2A678791887A34D0026CA64 /* en */ = {isa = PBXFileReference; lastKnownFileType = text.plist.strings; name = en; path = en.lproj/InfoPlist.strings; sourceTree = "<group>"; };
		C2A6787B1887A34D0026CA64 /* MatchismoTests.m */ = {isa = PBXFileReference; lastKnownFileType = sourcecode.c.objc; path = MatchismoTests.m; sourceTree = "<group>"; };
		C2A678851887A4240026CA64 /* Card.h */ = {isa = PBXFileReference; fileEncoding = 4; lastKnownFileType = sourcecode.c.h; name = Card.h; path = Model/Card.h; sourceTree = "<group>"; };
		C2A678861887A4240026CA64 /* Card.m */ = {isa = PBXFileReference; fileEncoding = 4; lastKnownFileType = sourcecode.c.objc; name = Card.m; path = Model/Card.m; sourceTree = "<group>"; };
		C2A678891887A54B0026CA64 /* Deck.h */ = {isa = PBXFileReference; fileEncoding = 4; lastKnownFileType = sourcecode.c.h; name = Deck.h; path = Model/Deck.h; sourceTree = "<group>"; };
		C2A6788A1887A54B0026CA64 /* Deck.m */ = {isa = PBXFileReference; fileEncoding = 4; lastKnownFileType = sourcecode.c.objc; name = Deck.m; path = Model/Deck.m; sourceTree = "<group>"; };
		C2A6788C1887A8260026CA64 /* PlayingCard.h */ = {isa = PBXFileReference; fileEncoding = 4; lastKnownFileType = sourcecode.c.h; name = PlayingCard.h; path = Model/PlayingCard.h; sourceTree = "<group>"; };
		C2A6788D1887A8260026CA64 /* PlayingCard.m */ = {isa = PBXFileReference; fileEncoding = 4; lastKnownFileType = sourcecode.c.objc; name = PlayingCard.m; path = Model/PlayingCard.m; sourceTree = "<group>"; };
		C2A6788F1887AB900026CA64 /* PlayingCardDeck.h */ = {isa = PBXFileReference; fileEncoding = 4; lastKnownFileType = sourcecode.c.h; name = PlayingCardDeck.h; path = Model/PlayingCardDeck.h; sourceTree = "<group>"; };
		C2A678901887AB900026CA64 /* PlayingCardDeck.m */ = {isa = PBXFileReference; fileEncoding = 4; lastKnownFileType = sourcecode.c.objc; name = PlayingCardDeck.m; path = Model/PlayingCardDeck.m; sourceTree = "<group>"; };
/* End PBXFileReference section */

/* Begin PBXFrameworksBuildPhase section */
		C2A6784A1887A34C0026CA64 /* Frameworks */ = {
			isa = PBXFrameworksBuildPhase;
			buildActionMask = 2147483647;
			files = (
				C2A678531887A34C0026CA64 /* CoreGraphics.framework in Frameworks */,
				C2A678551887A34C0026CA64 /* UIKit.framework in Frameworks */,
				C2A678511887A34C0026CA64 /* Foundation.framework in Frameworks */,
			);
			runOnlyForDeploymentPostprocessing = 0;
		};
		C2A6786B1887A34D0026CA64 /* Frameworks */ = {
			isa = PBXFrameworksBuildPhase;
			buildActionMask = 2147483647;
			files = (
				C2A678701887A34D0026CA64 /* XCTest.framework in Frameworks */,
				C2A678721887A34D0026CA64 /* UIKit.framework in Frameworks */,
				C2A678711887A34D0026CA64 /* Foundation.framework in Frameworks */,
			);
			runOnlyForDeploymentPostprocessing = 0;
		};
/* End PBXFrameworksBuildPhase section */

/* Begin PBXGroup section */
		C2A678441887A34C0026CA64 = {
			isa = PBXGroup;
			children = (
				C2A678561887A34C0026CA64 /* Matchismo */,
				C2A678751887A34D0026CA64 /* MatchismoTests */,
				C2A6784F1887A34C0026CA64 /* Frameworks */,
				C2A6784E1887A34C0026CA64 /* Products */,
			);
			sourceTree = "<group>";
		};
		C2A6784E1887A34C0026CA64 /* Products */ = {
			isa = PBXGroup;
			children = (
				C2A6784D1887A34C0026CA64 /* Matchismo.app */,
				C2A6786E1887A34D0026CA64 /* MatchismoTests.xctest */,
			);
			name = Products;
			sourceTree = "<group>";
		};
		C2A6784F1887A34C0026CA64 /* Frameworks */ = {
			isa = PBXGroup;
			children = (
				C2A678501887A34C0026CA64 /* Foundation.framework */,
				C2A678521887A34C0026CA64 /* CoreGraphics.framework */,
				C2A678541887A34C0026CA64 /* UIKit.framework */,
				C2A6786F1887A34D0026CA64 /* XCTest.framework */,
			);
			name = Frameworks;
			sourceTree = "<group>";
		};
		C2A678561887A34C0026CA64 /* Matchismo */ = {
			isa = PBXGroup;
			children = (
				C2A678881887A42D0026CA64 /* Model */,
				C2A678621887A34D0026CA64 /* Main.storyboard */,
				C2A678651887A34D0026CA64 /* MatchismoViewController.h */,
				C2A678661887A34D0026CA64 /* MatchismoViewController.m */,
				C2A678681887A34D0026CA64 /* Images.xcassets */,
				C2A678571887A34C0026CA64 /* Supporting Files */,
			);
			path = Matchismo;
			sourceTree = "<group>";
		};
		C2A678571887A34C0026CA64 /* Supporting Files */ = {
			isa = PBXGroup;
			children = (
				C2A6785F1887A34D0026CA64 /* MatchismoAppDelegate.h */,
				C2A678601887A34D0026CA64 /* MatchismoAppDelegate.m */,
				C2A678581887A34C0026CA64 /* Matchismo-Info.plist */,
				C2A678591887A34C0026CA64 /* InfoPlist.strings */,
				C2A6785C1887A34D0026CA64 /* main.m */,
				C2A6785E1887A34D0026CA64 /* Matchismo-Prefix.pch */,
			);
			name = "Supporting Files";
			sourceTree = "<group>";
		};
		C2A678751887A34D0026CA64 /* MatchismoTests */ = {
			isa = PBXGroup;
			children = (
				C2A6787B1887A34D0026CA64 /* MatchismoTests.m */,
				C2A678761887A34D0026CA64 /* Supporting Files */,
			);
			path = MatchismoTests;
			sourceTree = "<group>";
		};
		C2A678761887A34D0026CA64 /* Supporting Files */ = {
			isa = PBXGroup;
			children = (
				C2A678771887A34D0026CA64 /* MatchismoTests-Info.plist */,
				C2A678781887A34D0026CA64 /* InfoPlist.strings */,
			);
			name = "Supporting Files";
			sourceTree = "<group>";
		};
		C2A678881887A42D0026CA64 /* Model */ = {
			isa = PBXGroup;
			children = (
				C2A678851887A4240026CA64 /* Card.h */,
				C2A678861887A4240026CA64 /* Card.m */,
				C2A6788F1887AB900026CA64 /* PlayingCardDeck.h */,
				C2A678901887AB900026CA64 /* PlayingCardDeck.m */,
				C2A678891887A54B0026CA64 /* Deck.h */,
				C2A6788A1887A54B0026CA64 /* Deck.m */,
				C2A6788C1887A8260026CA64 /* PlayingCard.h */,
				C2A6788D1887A8260026CA64 /* PlayingCard.m */,
			);
			name = Model;
			sourceTree = "<group>";
		};
/* End PBXGroup section */

/* Begin PBXNativeTarget section */
		C2A6784C1887A34C0026CA64 /* Matchismo */ = {
			isa = PBXNativeTarget;
			buildConfigurationList = C2A6787F1887A34D0026CA64 /* Build configuration list for PBXNativeTarget "Matchismo" */;
			buildPhases = (
				C2A678491887A34C0026CA64 /* Sources */,
				C2A6784A1887A34C0026CA64 /* Frameworks */,
				C2A6784B1887A34C0026CA64 /* Resources */,
			);
			buildRules = (
			);
			dependencies = (
			);
			name = Matchismo;
			productName = Matchismo;
			productReference = C2A6784D1887A34C0026CA64 /* Matchismo.app */;
			productType = "com.apple.product-type.application";
		};
		C2A6786D1887A34D0026CA64 /* MatchismoTests */ = {
			isa = PBXNativeTarget;
			buildConfigurationList = C2A678821887A34D0026CA64 /* Build configuration list for PBXNativeTarget "MatchismoTests" */;
			buildPhases = (
				C2A6786A1887A34D0026CA64 /* Sources */,
				C2A6786B1887A34D0026CA64 /* Frameworks */,
				C2A6786C1887A34D0026CA64 /* Resources */,
			);
			buildRules = (
			);
			dependencies = (
				C2A678741887A34D0026CA64 /* PBXTargetDependency */,
			);
			name = MatchismoTests;
			productName = MatchismoTests;
			productReference = C2A6786E1887A34D0026CA64 /* MatchismoTests.xctest */;
			productType = "com.apple.product-type.bundle.unit-test";
		};
/* End PBXNativeTarget section */

/* Begin PBXProject section */
		C2A678451887A34C0026CA64 /* Project object */ = {
			isa = PBXProject;
			attributes = {
				CLASSPREFIX = Matchismo;
				LastUpgradeCheck = 0500;
				ORGANIZATIONNAME = BingkunGuo;
				TargetAttributes = {
					C2A6786D1887A34D0026CA64 = {
						TestTargetID = C2A6784C1887A34C0026CA64;
					};
				};
			};
			buildConfigurationList = C2A678481887A34C0026CA64 /* Build configuration list for PBXProject "Matchismo" */;
			compatibilityVersion = "Xcode 3.2";
			developmentRegion = English;
			hasScannedForEncodings = 0;
			knownRegions = (
				en,
				Base,
			);
			mainGroup = C2A678441887A34C0026CA64;
			productRefGroup = C2A6784E1887A34C0026CA64 /* Products */;
			projectDirPath = "";
			projectRoot = "";
			targets = (
				C2A6784C1887A34C0026CA64 /* Matchismo */,
				C2A6786D1887A34D0026CA64 /* MatchismoTests */,
			);
		};
/* End PBXProject section */

/* Begin PBXResourcesBuildPhase section */
		C2A6784B1887A34C0026CA64 /* Resources */ = {
			isa = PBXResourcesBuildPhase;
			buildActionMask = 2147483647;
			files = (
				C2A678691887A34D0026CA64 /* Images.xcassets in Resources */,
				C2A6785B1887A34C0026CA64 /* InfoPlist.strings in Resources */,
				C2A678641887A34D0026CA64 /* Main.storyboard in Resources */,
			);
			runOnlyForDeploymentPostprocessing = 0;
		};
		C2A6786C1887A34D0026CA64 /* Resources */ = {
			isa = PBXResourcesBuildPhase;
			buildActionMask = 2147483647;
			files = (
				C2A6787A1887A34D0026CA64 /* InfoPlist.strings in Resources */,
			);
			runOnlyForDeploymentPostprocessing = 0;
		};
/* End PBXResourcesBuildPhase section */

/* Begin PBXSourcesBuildPhase section */
		C2A678491887A34C0026CA64 /* Sources */ = {
			isa = PBXSourcesBuildPhase;
			buildActionMask = 2147483647;
			files = (
				C2A6788E1887A8260026CA64 /* PlayingCard.m in Sources */,
				C2A6788B1887A54B0026CA64 /* Deck.m in Sources */,
				C2A678611887A34D0026CA64 /* MatchismoAppDelegate.m in Sources */,
				C2A678671887A34D0026CA64 /* MatchismoViewController.m in Sources */,
				C2A678911887AB900026CA64 /* PlayingCardDeck.m in Sources */,
				C2A6785D1887A34D0026CA64 /* main.m in Sources */,
				C2A678871887A4240026CA64 /* Card.m in Sources */,
			);
			runOnlyForDeploymentPostprocessing = 0;
		};
		C2A6786A1887A34D0026CA64 /* Sources */ = {
			isa = PBXSourcesBuildPhase;
			buildActionMask = 2147483647;
			files = (
				C2A6787C1887A34D0026CA64 /* MatchismoTests.m in Sources */,
			);
			runOnlyForDeploymentPostprocessing = 0;
		};
/* End PBXSourcesBuildPhase section */

/* Begin PBXTargetDependency section */
		C2A678741887A34D0026CA64 /* PBXTargetDependency */ = {
			isa = PBXTargetDependency;
			target = C2A6784C1887A34C0026CA64 /* Matchismo */;
			targetProxy = C2A678731887A34D0026CA64 /* PBXContainerItemProxy */;
		};
/* End PBXTargetDependency section */

/* Begin PBXVariantGroup section */
		C2A678591887A34C0026CA64 /* InfoPlist.strings */ = {
			isa = PBXVariantGroup;
			children = (
				C2A6785A1887A34C0026CA64 /* en */,
			);
			name = InfoPlist.strings;
			sourceTree = "<group>";
		};
		C2A678621887A34D0026CA64 /* Main.storyboard */ = {
			isa = PBXVariantGroup;
			children = (
				C2A678631887A34D0026CA64 /* Base */,
			);
			name = Main.storyboard;
			sourceTree = "<group>";
		};
		C2A678781887A34D0026CA64 /* InfoPlist.strings */ = {
			isa = PBXVariantGroup;
			children = (
				C2A678791887A34D0026CA64 /* en */,
			);
			name = InfoPlist.strings;
			sourceTree = "<group>";
		};
/* End PBXVariantGroup section */

/* Begin XCBuildConfiguration section */
		C2A6787D1887A34D0026CA64 /* Debug */ = {
			isa = XCBuildConfiguration;
			buildSettings = {
				ALWAYS_SEARCH_USER_PATHS = NO;
				ARCHS = "$(ARCHS_STANDARD_INCLUDING_64_BIT)";
				CLANG_CXX_LANGUAGE_STANDARD = "gnu++0x";
				CLANG_CXX_LIBRARY = "libc++";
				CLANG_ENABLE_MODULES = YES;
				CLANG_ENABLE_OBJC_ARC = YES;
				CLANG_WARN_BOOL_CONVERSION = YES;
				CLANG_WARN_CONSTANT_CONVERSION = YES;
				CLANG_WARN_DIRECT_OBJC_ISA_USAGE = YES_ERROR;
				CLANG_WARN_EMPTY_BODY = YES;
				CLANG_WARN_ENUM_CONVERSION = YES;
				CLANG_WARN_INT_CONVERSION = YES;
				CLANG_WARN_OBJC_ROOT_CLASS = YES_ERROR;
				CLANG_WARN__DUPLICATE_METHOD_MATCH = YES;
				"CODE_SIGN_IDENTITY[sdk=iphoneos*]" = "iPhone Developer";
				COPY_PHASE_STRIP = NO;
				GCC_C_LANGUAGE_STANDARD = gnu99;
				GCC_DYNAMIC_NO_PIC = NO;
				GCC_OPTIMIZATION_LEVEL = 0;
				GCC_PREPROCESSOR_DEFINITIONS = (
					"DEBUG=1",
					"$(inherited)",
				);
				GCC_SYMBOLS_PRIVATE_EXTERN = NO;
				GCC_WARN_64_TO_32_BIT_CONVERSION = YES;
				GCC_WARN_ABOUT_RETURN_TYPE = YES_ERROR;
				GCC_WARN_UNDECLARED_SELECTOR = YES;
				GCC_WARN_UNINITIALIZED_AUTOS = YES;
				GCC_WARN_UNUSED_FUNCTION = YES;
				GCC_WARN_UNUSED_VARIABLE = YES;
				IPHONEOS_DEPLOYMENT_TARGET = 7.0;
				ONLY_ACTIVE_ARCH = YES;
				SDKROOT = iphoneos;
			};
			name = Debug;
		};
		C2A6787E1887A34D0026CA64 /* Release */ = {
			isa = XCBuildConfiguration;
			buildSettings = {
				ALWAYS_SEARCH_USER_PATHS = NO;
				ARCHS = "$(ARCHS_STANDARD_INCLUDING_64_BIT)";
				CLANG_CXX_LANGUAGE_STANDARD = "gnu++0x";
				CLANG_CXX_LIBRARY = "libc++";
				CLANG_ENABLE_MODULES = YES;
				CLANG_ENABLE_OBJC_ARC = YES;
				CLANG_WARN_BOOL_CONVERSION = YES;
				CLANG_WARN_CONSTANT_CONVERSION = YES;
				CLANG_WARN_DIRECT_OBJC_ISA_USAGE = YES_ERROR;
				CLANG_WARN_EMPTY_BODY = YES;
				CLANG_WARN_ENUM_CONVERSION = YES;
				CLANG_WARN_INT_CONVERSION = YES;
				CLANG_WARN_OBJC_ROOT_CLASS = YES_ERROR;
				CLANG_WARN__DUPLICATE_METHOD_MATCH = YES;
				"CODE_SIGN_IDENTITY[sdk=iphoneos*]" = "iPhone Developer";
				COPY_PHASE_STRIP = YES;
				ENABLE_NS_ASSERTIONS = NO;
				GCC_C_LANGUAGE_STANDARD = gnu99;
				GCC_WARN_64_TO_32_BIT_CONVERSION = YES;
				GCC_WARN_ABOUT_RETURN_TYPE = YES_ERROR;
				GCC_WARN_UNDECLARED_SELECTOR = YES;
				GCC_WARN_UNINITIALIZED_AUTOS = YES;
				GCC_WARN_UNUSED_FUNCTION = YES;
				GCC_WARN_UNUSED_VARIABLE = YES;
				IPHONEOS_DEPLOYMENT_TARGET = 7.0;
				SDKROOT = iphoneos;
				VALIDATE_PRODUCT = YES;
			};
			name = Release;
		};
		C2A678801887A34D0026CA64 /* Debug */ = {
			isa = XCBuildConfiguration;
			buildSettings = {
				ASSETCATALOG_COMPILER_APPICON_NAME = AppIcon;
				ASSETCATALOG_COMPILER_LAUNCHIMAGE_NAME = LaunchImage;
				GCC_PRECOMPILE_PREFIX_HEADER = YES;
				GCC_PREFIX_HEADER = "Matchismo/Matchismo-Prefix.pch";
				INFOPLIST_FILE = "Matchismo/Matchismo-Info.plist";
				PRODUCT_NAME = "$(TARGET_NAME)";
				WRAPPER_EXTENSION = app;
			};
			name = Debug;
		};
		C2A678811887A34D0026CA64 /* Release */ = {
			isa = XCBuildConfiguration;
			buildSettings = {
				ASSETCATALOG_COMPILER_APPICON_NAME = AppIcon;
				ASSETCATALOG_COMPILER_LAUNCHIMAGE_NAME = LaunchImage;
				GCC_PRECOMPILE_PREFIX_HEADER = YES;
				GCC_PREFIX_HEADER = "Matchismo/Matchismo-Prefix.pch";
				INFOPLIST_FILE = "Matchismo/Matchismo-Info.plist";
				PRODUCT_NAME = "$(TARGET_NAME)";
				WRAPPER_EXTENSION = app;
			};
			name = Release;
		};
		C2A678831887A34D0026CA64 /* Debug */ = {
			isa = XCBuildConfiguration;
			buildSettings = {
				ARCHS = "$(ARCHS_STANDARD_INCLUDING_64_BIT)";
				BUNDLE_LOADER = "$(BUILT_PRODUCTS_DIR)/Matchismo.app/Matchismo";
				FRAMEWORK_SEARCH_PATHS = (
					"$(SDKROOT)/Developer/Library/Frameworks",
					"$(inherited)",
					"$(DEVELOPER_FRAMEWORKS_DIR)",
				);
				GCC_PRECOMPILE_PREFIX_HEADER = YES;
				GCC_PREFIX_HEADER = "Matchismo/Matchismo-Prefix.pch";
				GCC_PREPROCESSOR_DEFINITIONS = (
					"DEBUG=1",
					"$(inherited)",
				);
				INFOPLIST_FILE = "MatchismoTests/MatchismoTests-Info.plist";
				PRODUCT_NAME = "$(TARGET_NAME)";
				TEST_HOST = "$(BUNDLE_LOADER)";
				WRAPPER_EXTENSION = xctest;
			};
			name = Debug;
		};
		C2A678841887A34D0026CA64 /* Release */ = {
			isa = XCBuildConfiguration;
			buildSettings = {
				ARCHS = "$(ARCHS_STANDARD_INCLUDING_64_BIT)";
				BUNDLE_LOADER = "$(BUILT_PRODUCTS_DIR)/Matchismo.app/Matchismo";
				FRAMEWORK_SEARCH_PATHS = (
					"$(SDKROOT)/Developer/Library/Frameworks",
					"$(inherited)",
					"$(DEVELOPER_FRAMEWORKS_DIR)",
				);
				GCC_PRECOMPILE_PREFIX_HEADER = YES;
				GCC_PREFIX_HEADER = "Matchismo/Matchismo-Prefix.pch";
				INFOPLIST_FILE = "MatchismoTests/MatchismoTests-Info.plist";
				PRODUCT_NAME = "$(TARGET_NAME)";
				TEST_HOST = "$(BUNDLE_LOADER)";
				WRAPPER_EXTENSION = xctest;
			};
			name = Release;
		};
/* End XCBuildConfiguration section */

/* Begin XCConfigurationList section */
		C2A678481887A34C0026CA64 /* Build configuration list for PBXProject "Matchismo" */ = {
			isa = XCConfigurationList;
			buildConfigurations = (
				C2A6787D1887A34D0026CA64 /* Debug */,
				C2A6787E1887A34D0026CA64 /* Release */,
			);
			defaultConfigurationIsVisible = 0;
			defaultConfigurationName = Release;
		};
		C2A6787F1887A34D0026CA64 /* Build configuration list for PBXNativeTarget "Matchismo" */ = {
			isa = XCConfigurationList;
			buildConfigurations = (
				C2A678801887A34D0026CA64 /* Debug */,
				C2A678811887A34D0026CA64 /* Release */,
			);
			defaultConfigurationIsVisible = 0;
		};
		C2A678821887A34D0026CA64 /* Build configuration list for PBXNativeTarget "MatchismoTests" */ = {
			isa = XCConfigurationList;
			buildConfigurations = (
				C2A678831887A34D0026CA64 /* Debug */,
				C2A678841887A34D0026CA64 /* Release */,
			);
			defaultConfigurationIsVisible = 0;
		};
/* End XCConfigurationList section */
	};
	rootObject = C2A678451887A34C0026CA64 /* Project object */;
}
